
Microsoft Visual Studio Solution File, Format Version 12.00
# Visual Studio Version 17
VisualStudioVersion = 17.13.35919.96
MinimumVisualStudioVersion = 10.0.40219.1
Project("{FAE04EC0-301F-11D3-BF4B-00C04F79EFBC}") = "Playground", "src\Playground\Playground.csproj", "{89608603-5B23-4003-A37C-EB2FA7097223}"
EndProject
Project("{FAE04EC0-301F-11D3-BF4B-00C04F79EFBC}") = "Playground.UnitTests", "tests\Playground.UnitTests\Playground.UnitTests.csproj", "{15B252CF-4D16-41C8-B852-2AB35D74995A}"
EndProject
Global
	GlobalSection(SolutionConfigurationPlatforms) = preSolution
		Debug|Any CPU = Debug|Any CPU
		Release|Any CPU = Release|Any CPU
	EndGlobalSection
	GlobalSection(ProjectConfigurationPlatforms) = postSolution
		{89608603-5B23-4003-A37C-EB2FA7097223}.Debug|Any CPU.ActiveCfg = Debug|Any CPU
		{89608603-5B23-4003-A37C-EB2FA7097223}.Debug|Any CPU.Build.0 = Debug|Any CPU
		{89608603-5B23-4003-A37C-EB2FA7097223}.Release|Any CPU.ActiveCfg = Release|Any CPU
		{89608603-5B23-4003-A37C-EB2FA7097223}.Release|Any CPU.Build.0 = Release|Any CPU
		{15B252CF-4D16-41C8-B852-2AB35D74995A}.Debug|Any CPU.ActiveCfg = Debug|Any CPU
		{15B252CF-4D16-41C8-B852-2AB35D74995A}.Debug|Any CPU.Build.0 = Debug|Any CPU
		{15B252CF-4D16-41C8-B852-2AB35D74995A}.Release|Any CPU.ActiveCfg = Release|Any CPU
		{15B252CF-4D16-41C8-B852-2AB35D74995A}.Release|Any CPU.Build.0 = Release|Any CPU
	EndGlobalSection
	GlobalSection(SolutionProperties) = preSolution
		HideSolutionNode = FALSE
	EndGlobalSection
	GlobalSection(ExtensibilityGlobals) = postSolution
		SolutionGuid = {8F0719D2-6110-4006-AD86-3235CAAE2293}
	EndGlobalSection
EndGlobal
